
Microsoft Visual Studio Solution File, Format Version 12.00
# Visual Studio 15
VisualStudioVersion = 15.0.27703.2042
MinimumVisualStudioVersion = 10.0.40219.1
Project("{FAE04EC0-301F-11D3-BF4B-00C04F79EFBC}") = "explicacionxamarin.Android", "explicacionxamarin\explicacionxamarin.Android\explicacionxamarin.Android.csproj", "{47A59B2A-6C57-40ED-AA9F-94E01C29DCA7}"
EndProject
Project("{FAE04EC0-301F-11D3-BF4B-00C04F79EFBC}") = "explicacionxamarin.iOS", "explicacionxamarin\explicacionxamarin.iOS\explicacionxamarin.iOS.csproj", "{8206DCC8-B80F-4F4C-830B-5915B6C51BF0}"
EndProject
Project("{FAE04EC0-301F-11D3-BF4B-00C04F79EFBC}") = "explicacionxamarin", "explicacionxamarin\explicacionxamarin\explicacionxamarin.csproj", "{7F30DC26-3F24-42A1-ADE1-FEE1AF675CC5}"
EndProject
Global
	GlobalSection(SolutionConfigurationPlatforms) = preSolution
		Ad-Hoc|Any CPU = Ad-Hoc|Any CPU
		Ad-Hoc|iPhone = Ad-Hoc|iPhone
		Ad-Hoc|iPhoneSimulator = Ad-Hoc|iPhoneSimulator
		AppStore|Any CPU = AppStore|Any CPU
		AppStore|iPhone = AppStore|iPhone
		AppStore|iPhoneSimulator = AppStore|iPhoneSimulator
		Debug|Any CPU = Debug|Any CPU
		Debug|iPhone = Debug|iPhone
		Debug|iPhoneSimulator = Debug|iPhoneSimulator
		Release|Any CPU = Release|Any CPU
		Release|iPhone = Release|iPhone
		Release|iPhoneSimulator = Release|iPhoneSimulator
	EndGlobalSection
	GlobalSection(ProjectConfigurationPlatforms) = postSolution
		{47A59B2A-6C57-40ED-AA9F-94E01C29DCA7}.Ad-Hoc|Any CPU.ActiveCfg = Release|Any CPU
		{47A59B2A-6C57-40ED-AA9F-94E01C29DCA7}.Ad-Hoc|Any CPU.Build.0 = Release|Any CPU
		{47A59B2A-6C57-40ED-AA9F-94E01C29DCA7}.Ad-Hoc|Any CPU.Deploy.0 = Release|Any CPU
		{47A59B2A-6C57-40ED-AA9F-94E01C29DCA7}.Ad-Hoc|iPhone.ActiveCfg = Release|Any CPU
		{47A59B2A-6C57-40ED-AA9F-94E01C29DCA7}.Ad-Hoc|iPhone.Build.0 = Release|Any CPU
		{47A59B2A-6C57-40ED-AA9F-94E01C29DCA7}.Ad-Hoc|iPhone.Deploy.0 = Release|Any CPU
		{47A59B2A-6C57-40ED-AA9F-94E01C29DCA7}.Ad-Hoc|iPhoneSimulator.ActiveCfg = Release|Any CPU
		{47A59B2A-6C57-40ED-AA9F-94E01C29DCA7}.Ad-Hoc|iPhoneSimulator.Build.0 = Release|Any CPU
		{47A59B2A-6C57-40ED-AA9F-94E01C29DCA7}.Ad-Hoc|iPhoneSimulator.Deploy.0 = Release|Any CPU
		{47A59B2A-6C57-40ED-AA9F-94E01C29DCA7}.AppStore|Any CPU.ActiveCfg = Release|Any CPU
		{47A59B2A-6C57-40ED-AA9F-94E01C29DCA7}.AppStore|Any CPU.Build.0 = Release|Any CPU
		{47A59B2A-6C57-40ED-AA9F-94E01C29DCA7}.AppStore|Any CPU.Deploy.0 = Release|Any CPU
		{47A59B2A-6C57-40ED-AA9F-94E01C29DCA7}.AppStore|iPhone.ActiveCfg = Release|Any CPU
		{47A59B2A-6C57-40ED-AA9F-94E01C29DCA7}.AppStore|iPhone.Build.0 = Release|Any CPU
		{47A59B2A-6C57-40ED-AA9F-94E01C29DCA7}.AppStore|iPhone.Deploy.0 = Release|Any CPU
		{47A59B2A-6C57-40ED-AA9F-94E01C29DCA7}.AppStore|iPhoneSimulator.ActiveCfg = Release|Any CPU
		{47A59B2A-6C57-40ED-AA9F-94E01C29DCA7}.AppStore|iPhoneSimulator.Build.0 = Release|Any CPU
		{47A59B2A-6C57-40ED-AA9F-94E01C29DCA7}.AppStore|iPhoneSimulator.Deploy.0 = Release|Any CPU
		{47A59B2A-6C57-40ED-AA9F-94E01C29DCA7}.Debug|Any CPU.ActiveCfg = Debug|Any CPU
		{47A59B2A-6C57-40ED-AA9F-94E01C29DCA7}.Debug|Any CPU.Build.0 = Debug|Any CPU
		{47A59B2A-6C57-40ED-AA9F-94E01C29DCA7}.Debug|Any CPU.Deploy.0 = Debug|Any CPU
		{47A59B2A-6C57-40ED-AA9F-94E01C29DCA7}.Debug|iPhone.ActiveCfg = Debug|Any CPU
		{47A59B2A-6C57-40ED-AA9F-94E01C29DCA7}.Debug|iPhone.Build.0 = Debug|Any CPU
		{47A59B2A-6C57-40ED-AA9F-94E01C29DCA7}.Debug|iPhone.Deploy.0 = Debug|Any CPU
		{47A59B2A-6C57-40ED-AA9F-94E01C29DCA7}.Debug|iPhoneSimulator.ActiveCfg = Debug|Any CPU
		{47A59B2A-6C57-40ED-AA9F-94E01C29DCA7}.Debug|iPhoneSimulator.Build.0 = Debug|Any CPU
		{47A59B2A-6C57-40ED-AA9F-94E01C29DCA7}.Debug|iPhoneSimulator.Deploy.0 = Debug|Any CPU
		{47A59B2A-6C57-40ED-AA9F-94E01C29DCA7}.Release|Any CPU.ActiveCfg = Release|Any CPU
		{47A59B2A-6C57-40ED-AA9F-94E01C29DCA7}.Release|Any CPU.Build.0 = Release|Any CPU
		{47A59B2A-6C57-40ED-AA9F-94E01C29DCA7}.Release|Any CPU.Deploy.0 = Release|Any CPU
		{47A59B2A-6C57-40ED-AA9F-94E01C29DCA7}.Release|iPhone.ActiveCfg = Release|Any CPU
		{47A59B2A-6C57-40ED-AA9F-94E01C29DCA7}.Release|iPhone.Build.0 = Release|Any CPU
		{47A59B2A-6C57-40ED-AA9F-94E01C29DCA7}.Release|iPhone.Deploy.0 = Release|Any CPU
		{47A59B2A-6C57-40ED-AA9F-94E01C29DCA7}.Release|iPhoneSimulator.ActiveCfg = Release|Any CPU
		{47A59B2A-6C57-40ED-AA9F-94E01C29DCA7}.Release|iPhoneSimulator.Build.0 = Release|Any CPU
		{47A59B2A-6C57-40ED-AA9F-94E01C29DCA7}.Release|iPhoneSimulator.Deploy.0 = Release|Any CPU
		{8206DCC8-B80F-4F4C-830B-5915B6C51BF0}.Ad-Hoc|Any CPU.ActiveCfg = Ad-Hoc|iPhone
		{8206DCC8-B80F-4F4C-830B-5915B6C51BF0}.Ad-Hoc|Any CPU.Build.0 = Ad-Hoc|iPhone
		{8206DCC8-B80F-4F4C-830B-5915B6C51BF0}.Ad-Hoc|Any CPU.Deploy.0 = Ad-Hoc|iPhone
		{8206DCC8-B80F-4F4C-830B-5915B6C51BF0}.Ad-Hoc|iPhone.ActiveCfg = Ad-Hoc|iPhone
		{8206DCC8-B80F-4F4C-830B-5915B6C51BF0}.Ad-Hoc|iPhone.Build.0 = Ad-Hoc|iPhone
		{8206DCC8-B80F-4F4C-830B-5915B6C51BF0}.Ad-Hoc|iPhone.Deploy.0 = Ad-Hoc|iPhone
		{8206DCC8-B80F-4F4C-830B-5915B6C51BF0}.Ad-Hoc|iPhoneSimulator.ActiveCfg = Ad-Hoc|iPhoneSimulator
		{8206DCC8-B80F-4F4C-830B-5915B6C51BF0}.Ad-Hoc|iPhoneSimulator.Build.0 = Ad-Hoc|iPhoneSimulator
		{8206DCC8-B80F-4F4C-830B-5915B6C51BF0}.Ad-Hoc|iPhoneSimulator.Deploy.0 = Ad-Hoc|iPhoneSimulator
		{8206DCC8-B80F-4F4C-830B-5915B6C51BF0}.AppStore|Any CPU.ActiveCfg = AppStore|iPhone
		{8206DCC8-B80F-4F4C-830B-5915B6C51BF0}.AppStore|Any CPU.Build.0 = AppStore|iPhone
		{8206DCC8-B80F-4F4C-830B-5915B6C51BF0}.AppStore|Any CPU.Deploy.0 = AppStore|iPhone
		{8206DCC8-B80F-4F4C-830B-5915B6C51BF0}.AppStore|iPhone.ActiveCfg = AppStore|iPhone
		{8206DCC8-B80F-4F4C-830B-5915B6C51BF0}.AppStore|iPhone.Build.0 = AppStore|iPhone
		{8206DCC8-B80F-4F4C-830B-5915B6C51BF0}.AppStore|iPhone.Deploy.0 = AppStore|iPhone
		{8206DCC8-B80F-4F4C-830B-5915B6C51BF0}.AppStore|iPhoneSimulator.ActiveCfg = AppStore|iPhoneSimulator
		{8206DCC8-B80F-4F4C-830B-5915B6C51BF0}.AppStore|iPhoneSimulator.Build.0 = AppStore|iPhoneSimulator
		{8206DCC8-B80F-4F4C-830B-5915B6C51BF0}.AppStore|iPhoneSimulator.Deploy.0 = AppStore|iPhoneSimulator
		{8206DCC8-B80F-4F4C-830B-5915B6C51BF0}.Debug|Any CPU.ActiveCfg = Debug|iPhoneSimulator
		{8206DCC8-B80F-4F4C-830B-5915B6C51BF0}.Debug|Any CPU.Build.0 = Debug|iPhoneSimulator
		{8206DCC8-B80F-4F4C-830B-5915B6C51BF0}.Debug|Any CPU.Deploy.0 = Debug|iPhoneSimulator
		{8206DCC8-B80F-4F4C-830B-5915B6C51BF0}.Debug|iPhone.ActiveCfg = Debug|iPhone
		{8206DCC8-B80F-4F4C-830B-5915B6C51BF0}.Debug|iPhone.Build.0 = Debug|iPhone
		{8206DCC8-B80F-4F4C-830B-5915B6C51BF0}.Debug|iPhone.Deploy.0 = Debug|iPhone
		{8206DCC8-B80F-4F4C-830B-5915B6C51BF0}.Debug|iPhoneSimulator.ActiveCfg = Debug|iPhoneSimulator
		{8206DCC8-B80F-4F4C-830B-5915B6C51BF0}.Debug|iPhoneSimulator.Build.0 = Debug|iPhoneSimulator
		{8206DCC8-B80F-4F4C-830B-5915B6C51BF0}.Debug|iPhoneSimulator.Deploy.0 = Debug|iPhoneSimulator
		{8206DCC8-B80F-4F4C-830B-5915B6C51BF0}.Release|Any CPU.ActiveCfg = Release|iPhone
		{8206DCC8-B80F-4F4C-830B-5915B6C51BF0}.Release|Any CPU.Build.0 = Release|iPhone
		{8206DCC8-B80F-4F4C-830B-5915B6C51BF0}.Release|Any CPU.Deploy.0 = Release|iPhone
		{8206DCC8-B80F-4F4C-830B-5915B6C51BF0}.Release|iPhone.ActiveCfg = Release|iPhone
		{8206DCC8-B80F-4F4C-830B-5915B6C51BF0}.Release|iPhone.Build.0 = Release|iPhone
		{8206DCC8-B80F-4F4C-830B-5915B6C51BF0}.Release|iPhone.Deploy.0 = Release|iPhone
		{8206DCC8-B80F-4F4C-830B-5915B6C51BF0}.Release|iPhoneSimulator.ActiveCfg = Release|iPhoneSimulator
		{8206DCC8-B80F-4F4C-830B-5915B6C51BF0}.Release|iPhoneSimulator.Build.0 = Release|iPhoneSimulator
		{8206DCC8-B80F-4F4C-830B-5915B6C51BF0}.Release|iPhoneSimulator.Deploy.0 = Release|iPhoneSimulator
		{7F30DC26-3F24-42A1-ADE1-FEE1AF675CC5}.Ad-Hoc|Any CPU.ActiveCfg = Debug|Any CPU
		{7F30DC26-3F24-42A1-ADE1-FEE1AF675CC5}.Ad-Hoc|Any CPU.Build.0 = Debug|Any CPU
		{7F30DC26-3F24-42A1-ADE1-FEE1AF675CC5}.Ad-Hoc|Any CPU.Deploy.0 = Debug|Any CPU
		{7F30DC26-3F24-42A1-ADE1-FEE1AF675CC5}.Ad-Hoc|iPhone.ActiveCfg = Debug|Any CPU
		{7F30DC26-3F24-42A1-ADE1-FEE1AF675CC5}.Ad-Hoc|iPhone.Build.0 = Debug|Any CPU
		{7F30DC26-3F24-42A1-ADE1-FEE1AF675CC5}.Ad-Hoc|iPhone.Deploy.0 = Debug|Any CPU
		{7F30DC26-3F24-42A1-ADE1-FEE1AF675CC5}.Ad-Hoc|iPhoneSimulator.ActiveCfg = Debug|Any CPU
		{7F30DC26-3F24-42A1-ADE1-FEE1AF675CC5}.Ad-Hoc|iPhoneSimulator.Build.0 = Debug|Any CPU
		{7F30DC26-3F24-42A1-ADE1-FEE1AF675CC5}.Ad-Hoc|iPhoneSimulator.Deploy.0 = Debug|Any CPU
		{7F30DC26-3F24-42A1-ADE1-FEE1AF675CC5}.AppStore|Any CPU.ActiveCfg = Debug|Any CPU
		{7F30DC26-3F24-42A1-ADE1-FEE1AF675CC5}.AppStore|Any CPU.Build.0 = Debug|Any CPU
		{7F30DC26-3F24-42A1-ADE1-FEE1AF675CC5}.AppStore|Any CPU.Deploy.0 = Debug|Any CPU
		{7F30DC26-3F24-42A1-ADE1-FEE1AF675CC5}.AppStore|iPhone.ActiveCfg = Debug|Any CPU
		{7F30DC26-3F24-42A1-ADE1-FEE1AF675CC5}.AppStore|iPhone.Build.0 = Debug|Any CPU
		{7F30DC26-3F24-42A1-ADE1-FEE1AF675CC5}.AppStore|iPhone.Deploy.0 = Debug|Any CPU
		{7F30DC26-3F24-42A1-ADE1-FEE1AF675CC5}.AppStore|iPhoneSimulator.ActiveCfg = Debug|Any CPU
		{7F30DC26-3F24-42A1-ADE1-FEE1AF675CC5}.AppStore|iPhoneSimulator.Build.0 = Debug|Any CPU
		{7F30DC26-3F24-42A1-ADE1-FEE1AF675CC5}.AppStore|iPhoneSimulator.Deploy.0 = Debug|Any CPU
		{7F30DC26-3F24-42A1-ADE1-FEE1AF675CC5}.Debug|Any CPU.ActiveCfg = Debug|Any CPU
		{7F30DC26-3F24-42A1-ADE1-FEE1AF675CC5}.Debug|Any CPU.Build.0 = Debug|Any CPU
		{7F30DC26-3F24-42A1-ADE1-FEE1AF675CC5}.Debug|Any CPU.Deploy.0 = Debug|Any CPU
		{7F30DC26-3F24-42A1-ADE1-FEE1AF675CC5}.Debug|iPhone.ActiveCfg = Debug|Any CPU
		{7F30DC26-3F24-42A1-ADE1-FEE1AF675CC5}.Debug|iPhone.Build.0 = Debug|Any CPU
		{7F30DC26-3F24-42A1-ADE1-FEE1AF675CC5}.Debug|iPhone.Deploy.0 = Debug|Any CPU
		{7F30DC26-3F24-42A1-ADE1-FEE1AF675CC5}.Debug|iPhoneSimulator.ActiveCfg = Debug|Any CPU
		{7F30DC26-3F24-42A1-ADE1-FEE1AF675CC5}.Debug|iPhoneSimulator.Build.0 = Debug|Any CPU
		{7F30DC26-3F24-42A1-ADE1-FEE1AF675CC5}.Debug|iPhoneSimulator.Deploy.0 = Debug|Any CPU
		{7F30DC26-3F24-42A1-ADE1-FEE1AF675CC5}.Release|Any CPU.ActiveCfg = Release|Any CPU
		{7F30DC26-3F24-42A1-ADE1-FEE1AF675CC5}.Release|Any CPU.Build.0 = Release|Any CPU
		{7F30DC26-3F24-42A1-ADE1-FEE1AF675CC5}.Release|Any CPU.Deploy.0 = Release|Any CPU
		{7F30DC26-3F24-42A1-ADE1-FEE1AF675CC5}.Release|iPhone.ActiveCfg = Release|Any CPU
		{7F30DC26-3F24-42A1-ADE1-FEE1AF675CC5}.Release|iPhone.Build.0 = Release|Any CPU
		{7F30DC26-3F24-42A1-ADE1-FEE1AF675CC5}.Release|iPhone.Deploy.0 = Release|Any CPU
		{7F30DC26-3F24-42A1-ADE1-FEE1AF675CC5}.Release|iPhoneSimulator.ActiveCfg = Release|Any CPU
		{7F30DC26-3F24-42A1-ADE1-FEE1AF675CC5}.Release|iPhoneSimulator.Build.0 = Release|Any CPU
		{7F30DC26-3F24-42A1-ADE1-FEE1AF675CC5}.Release|iPhoneSimulator.Deploy.0 = Release|Any CPU
	EndGlobalSection
	GlobalSection(SolutionProperties) = preSolution
		HideSolutionNode = FALSE
	EndGlobalSection
	GlobalSection(ExtensibilityGlobals) = postSolution
		SolutionGuid = {7D94769C-F2F7-41FC-8BCF-71697B31D35D}
	EndGlobalSection
EndGlobal
